// !$*UTF8*$!
{
	archiveVersion = 1;
	classes = {
	};
	objectVersion = 50;
	objects = {

/* Begin PBXBuildFile section */
		60408F412281CF13008CEDD0 /* listTableViewCell.swift in Sources */ = {isa = PBXBuildFile; fileRef = 60408F3F2281CF13008CEDD0 /* listTableViewCell.swift */; };
		60408F422281CF13008CEDD0 /* listTableViewCell.xib in Resources */ = {isa = PBXBuildFile; fileRef = 60408F402281CF13008CEDD0 /* listTableViewCell.xib */; };
		60F964FF22744722003FBB6A /* AppDelegate.swift in Sources */ = {isa = PBXBuildFile; fileRef = 60F964FE22744722003FBB6A /* AppDelegate.swift */; };
		60F9650122744722003FBB6A /* ViewController.swift in Sources */ = {isa = PBXBuildFile; fileRef = 60F9650022744722003FBB6A /* ViewController.swift */; };
		60F9650422744722003FBB6A /* Main.storyboard in Resources */ = {isa = PBXBuildFile; fileRef = 60F9650222744722003FBB6A /* Main.storyboard */; };
		60F9650622744723003FBB6A /* Assets.xcassets in Resources */ = {isa = PBXBuildFile; fileRef = 60F9650522744723003FBB6A /* Assets.xcassets */; };
		60F9650922744723003FBB6A /* LaunchScreen.storyboard in Resources */ = {isa = PBXBuildFile; fileRef = 60F9650722744723003FBB6A /* LaunchScreen.storyboard */; };
		60F9651422744724003FBB6A /* commuovereTests.swift in Sources */ = {isa = PBXBuildFile; fileRef = 60F9651322744724003FBB6A /* commuovereTests.swift */; };
		60F9651F22744724003FBB6A /* commuovereUITests.swift in Sources */ = {isa = PBXBuildFile; fileRef = 60F9651E22744724003FBB6A /* commuovereUITests.swift */; };
		60F9652D22819BB4003FBB6A /* TextViewController.swift in Sources */ = {isa = PBXBuildFile; fileRef = 60F9652C22819BB4003FBB6A /* TextViewController.swift */; };
		60F9652F2281A4D7003FBB6A /* listTableViewController.swift in Sources */ = {isa = PBXBuildFile; fileRef = 60F9652E2281A4D7003FBB6A /* listTableViewController.swift */; };
/* End PBXBuildFile section */

/* Begin PBXContainerItemProxy section */
		60F9651022744724003FBB6A /* PBXContainerItemProxy */ = {
			isa = PBXContainerItemProxy;
			containerPortal = 60F964F322744722003FBB6A /* Project object */;
			proxyType = 1;
			remoteGlobalIDString = 60F964FA22744722003FBB6A;
			remoteInfo = commuovere;
		};
		60F9651B22744724003FBB6A /* PBXContainerItemProxy */ = {
			isa = PBXContainerItemProxy;
			containerPortal = 60F964F322744722003FBB6A /* Project object */;
			proxyType = 1;
			remoteGlobalIDString = 60F964FA22744722003FBB6A;
			remoteInfo = commuovere;
		};
/* End PBXContainerItemProxy section */

/* Begin PBXFileReference section */
		60408F3F2281CF13008CEDD0 /* listTableViewCell.swift */ = {isa = PBXFileReference; lastKnownFileType = sourcecode.swift; path = listTableViewCell.swift; sourceTree = "<group>"; };
		60408F402281CF13008CEDD0 /* listTableViewCell.xib */ = {isa = PBXFileReference; lastKnownFileType = file.xib; path = listTableViewCell.xib; sourceTree = "<group>"; };
		60F964FB22744722003FBB6A /* commuovere.app */ = {isa = PBXFileReference; explicitFileType = wrapper.application; includeInIndex = 0; path = commuovere.app; sourceTree = BUILT_PRODUCTS_DIR; };
		60F964FE22744722003FBB6A /* AppDelegate.swift */ = {isa = PBXFileReference; lastKnownFileType = sourcecode.swift; path = AppDelegate.swift; sourceTree = "<group>"; };
		60F9650022744722003FBB6A /* ViewController.swift */ = {isa = PBXFileReference; lastKnownFileType = sourcecode.swift; path = ViewController.swift; sourceTree = "<group>"; };
		60F9650322744722003FBB6A /* Base */ = {isa = PBXFileReference; lastKnownFileType = file.storyboard; name = Base; path = Base.lproj/Main.storyboard; sourceTree = "<group>"; };
		60F9650522744723003FBB6A /* Assets.xcassets */ = {isa = PBXFileReference; lastKnownFileType = folder.assetcatalog; path = Assets.xcassets; sourceTree = "<group>"; };
		60F9650822744723003FBB6A /* Base */ = {isa = PBXFileReference; lastKnownFileType = file.storyboard; name = Base; path = Base.lproj/LaunchScreen.storyboard; sourceTree = "<group>"; };
		60F9650A22744723003FBB6A /* Info.plist */ = {isa = PBXFileReference; lastKnownFileType = text.plist.xml; path = Info.plist; sourceTree = "<group>"; };
		60F9650F22744724003FBB6A /* commuovereTests.xctest */ = {isa = PBXFileReference; explicitFileType = wrapper.cfbundle; includeInIndex = 0; path = commuovereTests.xctest; sourceTree = BUILT_PRODUCTS_DIR; };
		60F9651322744724003FBB6A /* commuovereTests.swift */ = {isa = PBXFileReference; lastKnownFileType = sourcecode.swift; path = commuovereTests.swift; sourceTree = "<group>"; };
		60F9651522744724003FBB6A /* Info.plist */ = {isa = PBXFileReference; lastKnownFileType = text.plist.xml; path = Info.plist; sourceTree = "<group>"; };
		60F9651A22744724003FBB6A /* commuovereUITests.xctest */ = {isa = PBXFileReference; explicitFileType = wrapper.cfbundle; includeInIndex = 0; path = commuovereUITests.xctest; sourceTree = BUILT_PRODUCTS_DIR; };
		60F9651E22744724003FBB6A /* commuovereUITests.swift */ = {isa = PBXFileReference; lastKnownFileType = sourcecode.swift; path = commuovereUITests.swift; sourceTree = "<group>"; };
		60F9652022744724003FBB6A /* Info.plist */ = {isa = PBXFileReference; lastKnownFileType = text.plist.xml; path = Info.plist; sourceTree = "<group>"; };
		60F9652C22819BB4003FBB6A /* TextViewController.swift */ = {isa = PBXFileReference; lastKnownFileType = sourcecode.swift; path = TextViewController.swift; sourceTree = "<group>"; };
		60F9652E2281A4D7003FBB6A /* listTableViewController.swift */ = {isa = PBXFileReference; lastKnownFileType = sourcecode.swift; path = listTableViewController.swift; sourceTree = "<group>"; };
/* End PBXFileReference section */

/* Begin PBXFrameworksBuildPhase section */
		60F964F822744722003FBB6A /* Frameworks */ = {
			isa = PBXFrameworksBuildPhase;
			buildActionMask = 2147483647;
			files = (
			);
			runOnlyForDeploymentPostprocessing = 0;
		};
		60F9650C22744724003FBB6A /* Frameworks */ = {
			isa = PBXFrameworksBuildPhase;
			buildActionMask = 2147483647;
			files = (
			);
			runOnlyForDeploymentPostprocessing = 0;
		};
		60F9651722744724003FBB6A /* Frameworks */ = {
			isa = PBXFrameworksBuildPhase;
			buildActionMask = 2147483647;
			files = (
			);
			runOnlyForDeploymentPostprocessing = 0;
		};
/* End PBXFrameworksBuildPhase section */

/* Begin PBXGroup section */
		60F964F222744722003FBB6A = {
			isa = PBXGroup;
			children = (
				60F964FD22744722003FBB6A /* commuovere */,
				60F9651222744724003FBB6A /* commuovereTests */,
				60F9651D22744724003FBB6A /* commuovereUITests */,
				60F964FC22744722003FBB6A /* Products */,
			);
			sourceTree = "<group>";
		};
		60F964FC22744722003FBB6A /* Products */ = {
			isa = PBXGroup;
			children = (
				60F964FB22744722003FBB6A /* commuovere.app */,
				60F9650F22744724003FBB6A /* commuovereTests.xctest */,
				60F9651A22744724003FBB6A /* commuovereUITests.xctest */,
			);
			name = Products;
			sourceTree = "<group>";
		};
		60F964FD22744722003FBB6A /* commuovere */ = {
			isa = PBXGroup;
			children = (
				60F9652C22819BB4003FBB6A /* TextViewController.swift */,
				60F964FE22744722003FBB6A /* AppDelegate.swift */,
				60F9650022744722003FBB6A /* ViewController.swift */,
				60F9652E2281A4D7003FBB6A /* listTableViewController.swift */,
				60F9650222744722003FBB6A /* Main.storyboard */,
				60F9650522744723003FBB6A /* Assets.xcassets */,
				60F9650722744723003FBB6A /* LaunchScreen.storyboard */,
				60F9650A22744723003FBB6A /* Info.plist */,
				60408F3F2281CF13008CEDD0 /* listTableViewCell.swift */,
				60408F402281CF13008CEDD0 /* listTableViewCell.xib */,
			);
			path = commuovere;
			sourceTree = "<group>";
		};
		60F9651222744724003FBB6A /* commuovereTests */ = {
			isa = PBXGroup;
			children = (
				60F9651322744724003FBB6A /* commuovereTests.swift */,
				60F9651522744724003FBB6A /* Info.plist */,
			);
			path = commuovereTests;
			sourceTree = "<group>";
		};
		60F9651D22744724003FBB6A /* commuovereUITests */ = {
			isa = PBXGroup;
			children = (
				60F9651E22744724003FBB6A /* commuovereUITests.swift */,
				60F9652022744724003FBB6A /* Info.plist */,
			);
			path = commuovereUITests;
			sourceTree = "<group>";
		};
/* End PBXGroup section */

/* Begin PBXNativeTarget section */
		60F964FA22744722003FBB6A /* commuovere */ = {
			isa = PBXNativeTarget;
			buildConfigurationList = 60F9652322744724003FBB6A /* Build configuration list for PBXNativeTarget "commuovere" */;
			buildPhases = (
				60F964F722744722003FBB6A /* Sources */,
				60F964F822744722003FBB6A /* Frameworks */,
				60F964F922744722003FBB6A /* Resources */,
			);
			buildRules = (
			);
			dependencies = (
			);
			name = commuovere;
			productName = commuovere;
			productReference = 60F964FB22744722003FBB6A /* commuovere.app */;
			productType = "com.apple.product-type.application";
		};
		60F9650E22744724003FBB6A /* commuovereTests */ = {
			isa = PBXNativeTarget;
			buildConfigurationList = 60F9652622744724003FBB6A /* Build configuration list for PBXNativeTarget "commuovereTests" */;
			buildPhases = (
				60F9650B22744724003FBB6A /* Sources */,
				60F9650C22744724003FBB6A /* Frameworks */,
				60F9650D22744724003FBB6A /* Resources */,
			);
			buildRules = (
			);
			dependencies = (
				60F9651122744724003FBB6A /* PBXTargetDependency */,
			);
			name = commuovereTests;
			productName = commuovereTests;
			productReference = 60F9650F22744724003FBB6A /* commuovereTests.xctest */;
			productType = "com.apple.product-type.bundle.unit-test";
		};
		60F9651922744724003FBB6A /* commuovereUITests */ = {
			isa = PBXNativeTarget;
			buildConfigurationList = 60F9652922744724003FBB6A /* Build configuration list for PBXNativeTarget "commuovereUITests" */;
			buildPhases = (
				60F9651622744724003FBB6A /* Sources */,
				60F9651722744724003FBB6A /* Frameworks */,
				60F9651822744724003FBB6A /* Resources */,
			);
			buildRules = (
			);
			dependencies = (
				60F9651C22744724003FBB6A /* PBXTargetDependency */,
			);
			name = commuovereUITests;
			productName = commuovereUITests;
			productReference = 60F9651A22744724003FBB6A /* commuovereUITests.xctest */;
			productType = "com.apple.product-type.bundle.ui-testing";
		};
/* End PBXNativeTarget section */

/* Begin PBXProject section */
		60F964F322744722003FBB6A /* Project object */ = {
			isa = PBXProject;
			attributes = {
				LastSwiftUpdateCheck = 1020;
				LastUpgradeCheck = 1020;
				ORGANIZATIONNAME = "山谷美咲生";
				TargetAttributes = {
					60F964FA22744722003FBB6A = {
						CreatedOnToolsVersion = 10.2.1;
					};
					60F9650E22744724003FBB6A = {
						CreatedOnToolsVersion = 10.2.1;
						TestTargetID = 60F964FA22744722003FBB6A;
					};
					60F9651922744724003FBB6A = {
						CreatedOnToolsVersion = 10.2.1;
						TestTargetID = 60F964FA22744722003FBB6A;
					};
				};
			};
			buildConfigurationList = 60F964F622744722003FBB6A /* Build configuration list for PBXProject "commuovere" */;
			compatibilityVersion = "Xcode 9.3";
			developmentRegion = en;
			hasScannedForEncodings = 0;
			knownRegions = (
				en,
				Base,
			);
			mainGroup = 60F964F222744722003FBB6A;
			productRefGroup = 60F964FC22744722003FBB6A /* Products */;
			projectDirPath = "";
			projectRoot = "";
			targets = (
				60F964FA22744722003FBB6A /* commuovere */,
				60F9650E22744724003FBB6A /* commuovereTests */,
				60F9651922744724003FBB6A /* commuovereUITests */,
			);
		};
/* End PBXProject section */

/* Begin PBXResourcesBuildPhase section */
		60F964F922744722003FBB6A /* Resources */ = {
			isa = PBXResourcesBuildPhase;
			buildActionMask = 2147483647;
			files = (
				60F9650922744723003FBB6A /* LaunchScreen.storyboard in Resources */,
				60408F422281CF13008CEDD0 /* listTableViewCell.xib in Resources */,
				60F9650622744723003FBB6A /* Assets.xcassets in Resources */,
				60F9650422744722003FBB6A /* Main.storyboard in Resources */,
			);
			runOnlyForDeploymentPostprocessing = 0;
		};
		60F9650D22744724003FBB6A /* Resources */ = {
			isa = PBXResourcesBuildPhase;
			buildActionMask = 2147483647;
			files = (
			);
			runOnlyForDeploymentPostprocessing = 0;
		};
		60F9651822744724003FBB6A /* Resources */ = {
			isa = PBXResourcesBuildPhase;
			buildActionMask = 2147483647;
			files = (
			);
			runOnlyForDeploymentPostprocessing = 0;
		};
/* End PBXResourcesBuildPhase section */

/* Begin PBXSourcesBuildPhase section */
		60F964F722744722003FBB6A /* Sources */ = {
			isa = PBXSourcesBuildPhase;
			buildActionMask = 2147483647;
			files = (
				60F9652D22819BB4003FBB6A /* TextViewController.swift in Sources */,
				60408F412281CF13008CEDD0 /* listTableViewCell.swift in Sources */,
				60F9650122744722003FBB6A /* ViewController.swift in Sources */,
				60F964FF22744722003FBB6A /* AppDelegate.swift in Sources */,
				60F9652F2281A4D7003FBB6A /* listTableViewController.swift in Sources */,
			);
			runOnlyForDeploymentPostprocessing = 0;
		};
		60F9650B22744724003FBB6A /* Sources */ = {
			isa = PBXSourcesBuildPhase;
			buildActionMask = 2147483647;
			files = (
				60F9651422744724003FBB6A /* commuovereTests.swift in Sources */,
			);
			runOnlyForDeploymentPostprocessing = 0;
		};
		60F9651622744724003FBB6A /* Sources */ = {
			isa = PBXSourcesBuildPhase;
			buildActionMask = 2147483647;
			files = (
				60F9651F22744724003FBB6A /* commuovereUITests.swift in Sources */,
			);
			runOnlyForDeploymentPostprocessing = 0;
		};
/* End PBXSourcesBuildPhase section */

/* Begin PBXTargetDependency section */
		60F9651122744724003FBB6A /* PBXTargetDependency */ = {
			isa = PBXTargetDependency;
			target = 60F964FA22744722003FBB6A /* commuovere */;
			targetProxy = 60F9651022744724003FBB6A /* PBXContainerItemProxy */;
		};
		60F9651C22744724003FBB6A /* PBXTargetDependency */ = {
			isa = PBXTargetDependency;
			target = 60F964FA22744722003FBB6A /* commuovere */;
			targetProxy = 60F9651B22744724003FBB6A /* PBXContainerItemProxy */;
		};
/* End PBXTargetDependency section */

/* Begin PBXVariantGroup section */
		60F9650222744722003FBB6A /* Main.storyboard */ = {
			isa = PBXVariantGroup;
			children = (
				60F9650322744722003FBB6A /* Base */,
			);
			name = Main.storyboard;
			sourceTree = "<group>";
		};
		60F9650722744723003FBB6A /* LaunchScreen.storyboard */ = {
			isa = PBXVariantGroup;
			children = (
				60F9650822744723003FBB6A /* Base */,
			);
			name = LaunchScreen.storyboard;
			sourceTree = "<group>";
		};
/* End PBXVariantGroup section */

/* Begin XCBuildConfiguration section */
		60F9652122744724003FBB6A /* Debug */ = {
			isa = XCBuildConfiguration;
			buildSettings = {
				ALWAYS_SEARCH_USER_PATHS = NO;
				CLANG_ANALYZER_NONNULL = YES;
				CLANG_ANALYZER_NUMBER_OBJECT_CONVERSION = YES_AGGRESSIVE;
				CLANG_CXX_LANGUAGE_STANDARD = "gnu++14";
				CLANG_CXX_LIBRARY = "libc++";
				CLANG_ENABLE_MODULES = YES;
				CLANG_ENABLE_OBJC_ARC = YES;
				CLANG_ENABLE_OBJC_WEAK = YES;
				CLANG_WARN_BLOCK_CAPTURE_AUTORELEASING = YES;
				CLANG_WARN_BOOL_CONVERSION = YES;
				CLANG_WARN_COMMA = YES;
				CLANG_WARN_CONSTANT_CONVERSION = YES;
				CLANG_WARN_DEPRECATED_OBJC_IMPLEMENTATIONS = YES;
				CLANG_WARN_DIRECT_OBJC_ISA_USAGE = YES_ERROR;
				CLANG_WARN_DOCUMENTATION_COMMENTS = YES;
				CLANG_WARN_EMPTY_BODY = YES;
				CLANG_WARN_ENUM_CONVERSION = YES;
				CLANG_WARN_INFINITE_RECURSION = YES;
				CLANG_WARN_INT_CONVERSION = YES;
				CLANG_WARN_NON_LITERAL_NULL_CONVERSION = YES;
				CLANG_WARN_OBJC_IMPLICIT_RETAIN_SELF = YES;
				CLANG_WARN_OBJC_LITERAL_CONVERSION = YES;
				CLANG_WARN_OBJC_ROOT_CLASS = YES_ERROR;
				CLANG_WARN_RANGE_LOOP_ANALYSIS = YES;
				CLANG_WARN_STRICT_PROTOTYPES = YES;
				CLANG_WARN_SUSPICIOUS_MOVE = YES;
				CLANG_WARN_UNGUARDED_AVAILABILITY = YES_AGGRESSIVE;
				CLANG_WARN_UNREACHABLE_CODE = YES;
				CLANG_WARN__DUPLICATE_METHOD_MATCH = YES;
				CODE_SIGN_IDENTITY = "iPhone Developer";
				COPY_PHASE_STRIP = NO;
				DEBUG_INFORMATION_FORMAT = dwarf;
				ENABLE_STRICT_OBJC_MSGSEND = YES;
				ENABLE_TESTABILITY = YES;
				GCC_C_LANGUAGE_STANDARD = gnu11;
				GCC_DYNAMIC_NO_PIC = NO;
				GCC_NO_COMMON_BLOCKS = YES;
				GCC_OPTIMIZATION_LEVEL = 0;
				GCC_PREPROCESSOR_DEFINITIONS = (
					"DEBUG=1",
					"$(inherited)",
				);
				GCC_WARN_64_TO_32_BIT_CONVERSION = YES;
				GCC_WARN_ABOUT_RETURN_TYPE = YES_ERROR;
				GCC_WARN_UNDECLARED_SELECTOR = YES;
				GCC_WARN_UNINITIALIZED_AUTOS = YES_AGGRESSIVE;
				GCC_WARN_UNUSED_FUNCTION = YES;
				GCC_WARN_UNUSED_VARIABLE = YES;
				IPHONEOS_DEPLOYMENT_TARGET = 12.2;
				MTL_ENABLE_DEBUG_INFO = INCLUDE_SOURCE;
				MTL_FAST_MATH = YES;
				ONLY_ACTIVE_ARCH = YES;
				SDKROOT = iphoneos;
				SWIFT_ACTIVE_COMPILATION_CONDITIONS = DEBUG;
				SWIFT_OPTIMIZATION_LEVEL = "-Onone";
			};
			name = Debug;
		};
		60F9652222744724003FBB6A /* Release */ = {
			isa = XCBuildConfiguration;
			buildSettings = {
				ALWAYS_SEARCH_USER_PATHS = NO;
				CLANG_ANALYZER_NONNULL = YES;
				CLANG_ANALYZER_NUMBER_OBJECT_CONVERSION = YES_AGGRESSIVE;
				CLANG_CXX_LANGUAGE_STANDARD = "gnu++14";
				CLANG_CXX_LIBRARY = "libc++";
				CLANG_ENABLE_MODULES = YES;
				CLANG_ENABLE_OBJC_ARC = YES;
				CLANG_ENABLE_OBJC_WEAK = YES;
				CLANG_WARN_BLOCK_CAPTURE_AUTORELEASING = YES;
				CLANG_WARN_BOOL_CONVERSION = YES;
				CLANG_WARN_COMMA = YES;
				CLANG_WARN_CONSTANT_CONVERSION = YES;
				CLANG_WARN_DEPRECATED_OBJC_IMPLEMENTATIONS = YES;
				CLANG_WARN_DIRECT_OBJC_ISA_USAGE = YES_ERROR;
				CLANG_WARN_DOCUMENTATION_COMMENTS = YES;
				CLANG_WARN_EMPTY_BODY = YES;
				CLANG_WARN_ENUM_CONVERSION = YES;
				CLANG_WARN_INFINITE_RECURSION = YES;
				CLANG_WARN_INT_CONVERSION = YES;
				CLANG_WARN_NON_LITERAL_NULL_CONVERSION = YES;
				CLANG_WARN_OBJC_IMPLICIT_RETAIN_SELF = YES;
				CLANG_WARN_OBJC_LITERAL_CONVERSION = YES;
				CLANG_WARN_OBJC_ROOT_CLASS = YES_ERROR;
				CLANG_WARN_RANGE_LOOP_ANALYSIS = YES;
				CLANG_WARN_STRICT_PROTOTYPES = YES;
				CLANG_WARN_SUSPICIOUS_MOVE = YES;
				CLANG_WARN_UNGUARDED_AVAILABILITY = YES_AGGRESSIVE;
				CLANG_WARN_UNREACHABLE_CODE = YES;
				CLANG_WARN__DUPLICATE_METHOD_MATCH = YES;
				CODE_SIGN_IDENTITY = "iPhone Developer";
				COPY_PHASE_STRIP = NO;
				DEBUG_INFORMATION_FORMAT = "dwarf-with-dsym";
				ENABLE_NS_ASSERTIONS = NO;
				ENABLE_STRICT_OBJC_MSGSEND = YES;
				GCC_C_LANGUAGE_STANDARD = gnu11;
				GCC_NO_COMMON_BLOCKS = YES;
				GCC_WARN_64_TO_32_BIT_CONVERSION = YES;
				GCC_WARN_ABOUT_RETURN_TYPE = YES_ERROR;
				GCC_WARN_UNDECLARED_SELECTOR = YES;
				GCC_WARN_UNINITIALIZED_AUTOS = YES_AGGRESSIVE;
				GCC_WARN_UNUSED_FUNCTION = YES;
				GCC_WARN_UNUSED_VARIABLE = YES;
				IPHONEOS_DEPLOYMENT_TARGET = 12.2;
				MTL_ENABLE_DEBUG_INFO = NO;
				MTL_FAST_MATH = YES;
				SDKROOT = iphoneos;
				SWIFT_COMPILATION_MODE = wholemodule;
				SWIFT_OPTIMIZATION_LEVEL = "-O";
				VALIDATE_PRODUCT = YES;
			};
			name = Release;
		};
		60F9652422744724003FBB6A /* Debug */ = {
			isa = XCBuildConfiguration;
			buildSettings = {
				ASSETCATALOG_COMPILER_APPICON_NAME = AppIcon;
				CODE_SIGN_STYLE = Automatic;
				DEVELOPMENT_TEAM = AQKA68YXTU;
				INFOPLIST_FILE = commuovere/Info.plist;
				IPHONEOS_DEPLOYMENT_TARGET = 12.2;
				LD_RUNPATH_SEARCH_PATHS = (
					"$(inherited)",
					"@executable_path/Frameworks",
				);
				PRODUCT_BUNDLE_IDENTIFIER = aaa.commuovere;
				PRODUCT_NAME = "$(TARGET_NAME)";
				SWIFT_VERSION = 5.0;
				TARGETED_DEVICE_FAMILY = "1,2";
			};
			name = Debug;
		};
		60F9652522744724003FBB6A /* Release */ = {
			isa = XCBuildConfiguration;
			buildSettings = {
				ASSETCATALOG_COMPILER_APPICON_NAME = AppIcon;
				CODE_SIGN_STYLE = Automatic;
				DEVELOPMENT_TEAM = AQKA68YXTU;
				INFOPLIST_FILE = commuovere/Info.plist;
				IPHONEOS_DEPLOYMENT_TARGET = 12.2;
				LD_RUNPATH_SEARCH_PATHS = (
					"$(inherited)",
					"@executable_path/Frameworks",
				);
				PRODUCT_BUNDLE_IDENTIFIER = aaa.commuovere;
				PRODUCT_NAME = "$(TARGET_NAME)";
				SWIFT_VERSION = 5.0;
				TARGETED_DEVICE_FAMILY = "1,2";
			};
			name = Release;
		};
		60F9652722744724003FBB6A /* Debug */ = {
			isa = XCBuildConfiguration;
			buildSettings = {
				ALWAYS_EMBED_SWIFT_STANDARD_LIBRARIES = YES;
				BUNDLE_LOADER = "$(TEST_HOST)";
				CODE_SIGN_STYLE = Automatic;
				INFOPLIST_FILE = commuovereTests/Info.plist;
				LD_RUNPATH_SEARCH_PATHS = (
					"$(inherited)",
					"@executable_path/Frameworks",
					"@loader_path/Frameworks",
				);
				PRODUCT_BUNDLE_IDENTIFIER = aaa.commuovereTests;
				PRODUCT_NAME = "$(TARGET_NAME)";
				SWIFT_VERSION = 5.0;
				TARGETED_DEVICE_FAMILY = "1,2";
				TEST_HOST = "$(BUILT_PRODUCTS_DIR)/commuovere.app/commuovere";
			};
			name = Debug;
		};
		60F9652822744724003FBB6A /* Release */ = {
			isa = XCBuildConfiguration;
			buildSettings = {
				ALWAYS_EMBED_SWIFT_STANDARD_LIBRARIES = YES;
				BUNDLE_LOADER = "$(TEST_HOST)";
				CODE_SIGN_STYLE = Automatic;
				INFOPLIST_FILE = commuovereTests/Info.plist;
				LD_RUNPATH_SEARCH_PATHS = (
					"$(inherited)",
					"@executable_path/Frameworks",
					"@loader_path/Frameworks",
				);
				PRODUCT_BUNDLE_IDENTIFIER = aaa.commuovereTests;
				PRODUCT_NAME = "$(TARGET_NAME)";
				SWIFT_VERSION = 5.0;
				TARGETED_DEVICE_FAMILY = "1,2";
				TEST_HOST = "$(BUILT_PRODUCTS_DIR)/commuovere.app/commuovere";
			};
			name = Release;
		};
		60F9652A22744724003FBB6A /* Debug */ = {
			isa = XCBuildConfiguration;
			buildSettings = {
				ALWAYS_EMBED_SWIFT_STANDARD_LIBRARIES = YES;
				CODE_SIGN_STYLE = Automatic;
				INFOPLIST_FILE = commuovereUITests/Info.plist;
				LD_RUNPATH_SEARCH_PATHS = (
					"$(inherited)",
					"@executable_path/Frameworks",
					"@loader_path/Frameworks",
				);
				PRODUCT_BUNDLE_IDENTIFIER = aaa.commuovereUITests;
				PRODUCT_NAME = "$(TARGET_NAME)";
				SWIFT_VERSION = 5.0;
				TARGETED_DEVICE_FAMILY = "1,2";
				TEST_TARGET_NAME = commuovere;
			};
			name = Debug;
		};
		60F9652B22744724003FBB6A /* Release */ = {
			isa = XCBuildConfiguration;
			buildSettings = {
				ALWAYS_EMBED_SWIFT_STANDARD_LIBRARIES = YES;
				CODE_SIGN_STYLE = Automatic;
				INFOPLIST_FILE = commuovereUITests/Info.plist;
				LD_RUNPATH_SEARCH_PATHS = (
					"$(inherited)",
					"@executable_path/Frameworks",
					"@loader_path/Frameworks",
				);
				PRODUCT_BUNDLE_IDENTIFIER = aaa.commuovereUITests;
				PRODUCT_NAME = "$(TARGET_NAME)";
				SWIFT_VERSION = 5.0;
				TARGETED_DEVICE_FAMILY = "1,2";
				TEST_TARGET_NAME = commuovere;
			};
			name = Release;
		};
/* End XCBuildConfiguration section */

/* Begin XCConfigurationList section */
		60F964F622744722003FBB6A /* Build configuration list for PBXProject "commuovere" */ = {
			isa = XCConfigurationList;
			buildConfigurations = (
				60F9652122744724003FBB6A /* Debug */,
				60F9652222744724003FBB6A /* Release */,
			);
			defaultConfigurationIsVisible = 0;
			defaultConfigurationName = Release;
		};
		60F9652322744724003FBB6A /* Build configuration list for PBXNativeTarget "commuovere" */ = {
			isa = XCConfigurationList;
			buildConfigurations = (
				60F9652422744724003FBB6A /* Debug */,
				60F9652522744724003FBB6A /* Release */,
			);
			defaultConfigurationIsVisible = 0;
			defaultConfigurationName = Release;
		};
		60F9652622744724003FBB6A /* Build configuration list for PBXNativeTarget "commuovereTests" */ = {
			isa = XCConfigurationList;
			buildConfigurations = (
				60F9652722744724003FBB6A /* Debug */,
				60F9652822744724003FBB6A /* Release */,
			);
			defaultConfigurationIsVisible = 0;
			defaultConfigurationName = Release;
		};
		60F9652922744724003FBB6A /* Build configuration list for PBXNativeTarget "commuovereUITests" */ = {
			isa = XCConfigurationList;
			buildConfigurations = (
				60F9652A22744724003FBB6A /* Debug */,
				60F9652B22744724003FBB6A /* Release */,
			);
			defaultConfigurationIsVisible = 0;
			defaultConfigurationName = Release;
		};
/* End XCConfigurationList section */
	};
	rootObject = 60F964F322744722003FBB6A /* Project object */;
}
